
Microsoft Visual Studio Solution File, Format Version 12.00
# Visual Studio Version 16
VisualStudioVersion = 16.0.33423.256
MinimumVisualStudioVersion = 10.0.40219.1
Project("{FAE04EC0-301F-11D3-BF4B-00C04F79EFBC}") = "RUAP_LV4_nadoknada", "RUAP_LV4_nadoknada\RUAP_LV4_nadoknada.csproj", "{0726EA8E-DDDC-4188-82EF-A18072071493}"
EndProject
Global
	GlobalSection(SolutionConfigurationPlatforms) = preSolution
		Debug|Any CPU = Debug|Any CPU
		Release|Any CPU = Release|Any CPU
	EndGlobalSection
	GlobalSection(ProjectConfigurationPlatforms) = postSolution
		{0726EA8E-DDDC-4188-82EF-A18072071493}.Debug|Any CPU.ActiveCfg = Debug|Any CPU
		{0726EA8E-DDDC-4188-82EF-A18072071493}.Debug|Any CPU.Build.0 = Debug|Any CPU
		{0726EA8E-DDDC-4188-82EF-A18072071493}.Release|Any CPU.ActiveCfg = Release|Any CPU
		{0726EA8E-DDDC-4188-82EF-A18072071493}.Release|Any CPU.Build.0 = Release|Any CPU
	EndGlobalSection
	GlobalSection(SolutionProperties) = preSolution
		HideSolutionNode = FALSE
	EndGlobalSection
	GlobalSection(ExtensibilityGlobals) = postSolution
		SolutionGuid = {BA80A87E-BFEA-4858-9EA0-E53CCA9582C1}
	EndGlobalSection
EndGlobal
